
Microsoft Visual Studio Solution File, Format Version 12.00
# Visual Studio 15
VisualStudioVersion = 15.0.27130.2027
MinimumVisualStudioVersion = 10.0.40219.1
Project("{FAE04EC0-301F-11D3-BF4B-00C04F79EFBC}") = "CopyLi.Api", "CopyLi.Api\CopyLi.Api.csproj", "{EA7C5F62-E71F-470E-9297-F5F6B6074BB7}"
EndProject
Project("{FAE04EC0-301F-11D3-BF4B-00C04F79EFBC}") = "CopyLi.Data", "CopyLi.Data\CopyLi.Data.csproj", "{700ACCAF-62A0-48E7-BEFF-76EE8E90CAA9}"
EndProject
Project("{FAE04EC0-301F-11D3-BF4B-00C04F79EFBC}") = "CopyLi.Services", "CopyLi.Services\CopyLi.Services.csproj", "{49A97923-1C53-42DD-917B-9C5A981F94E7}"
EndProject
Project("{FAE04EC0-301F-11D3-BF4B-00C04F79EFBC}") = "CopyLi.Utilites", "CopyLi.Utilites\CopyLi.Utilites.csproj", "{2A370603-B216-4E40-8F90-D6F2850F88B4}"
EndProject
Global
	GlobalSection(SolutionConfigurationPlatforms) = preSolution
		Debug|Any CPU = Debug|Any CPU
		Release|Any CPU = Release|Any CPU
	EndGlobalSection
	GlobalSection(ProjectConfigurationPlatforms) = postSolution
		{EA7C5F62-E71F-470E-9297-F5F6B6074BB7}.Debug|Any CPU.ActiveCfg = Debug|Any CPU
		{EA7C5F62-E71F-470E-9297-F5F6B6074BB7}.Debug|Any CPU.Build.0 = Debug|Any CPU
		{EA7C5F62-E71F-470E-9297-F5F6B6074BB7}.Release|Any CPU.ActiveCfg = Release|Any CPU
		{EA7C5F62-E71F-470E-9297-F5F6B6074BB7}.Release|Any CPU.Build.0 = Release|Any CPU
		{700ACCAF-62A0-48E7-BEFF-76EE8E90CAA9}.Debug|Any CPU.ActiveCfg = Debug|Any CPU
		{700ACCAF-62A0-48E7-BEFF-76EE8E90CAA9}.Debug|Any CPU.Build.0 = Debug|Any CPU
		{700ACCAF-62A0-48E7-BEFF-76EE8E90CAA9}.Release|Any CPU.ActiveCfg = Release|Any CPU
		{700ACCAF-62A0-48E7-BEFF-76EE8E90CAA9}.Release|Any CPU.Build.0 = Release|Any CPU
		{49A97923-1C53-42DD-917B-9C5A981F94E7}.Debug|Any CPU.ActiveCfg = Debug|Any CPU
		{49A97923-1C53-42DD-917B-9C5A981F94E7}.Debug|Any CPU.Build.0 = Debug|Any CPU
		{49A97923-1C53-42DD-917B-9C5A981F94E7}.Release|Any CPU.ActiveCfg = Release|Any CPU
		{49A97923-1C53-42DD-917B-9C5A981F94E7}.Release|Any CPU.Build.0 = Release|Any CPU
		{2A370603-B216-4E40-8F90-D6F2850F88B4}.Debug|Any CPU.ActiveCfg = Debug|Any CPU
		{2A370603-B216-4E40-8F90-D6F2850F88B4}.Debug|Any CPU.Build.0 = Debug|Any CPU
		{2A370603-B216-4E40-8F90-D6F2850F88B4}.Release|Any CPU.ActiveCfg = Release|Any CPU
		{2A370603-B216-4E40-8F90-D6F2850F88B4}.Release|Any CPU.Build.0 = Release|Any CPU
	EndGlobalSection
	GlobalSection(SolutionProperties) = preSolution
		HideSolutionNode = FALSE
	EndGlobalSection
	GlobalSection(ExtensibilityGlobals) = postSolution
		SolutionGuid = {4FE760F4-EEB3-4E0E-9A4E-EECA78564715}
	EndGlobalSection
EndGlobal
